Microsoft Visual Studio Solution File, Format Version 12.00
# Visual Studio Version 17
VisualStudioVersion = 17.0.31903.59
MinimumVisualStudioVersion = 10.0.40219.1
Project("{FAE04EC0-301F-11D3-BF4B-00C04F79EFBC}") = "Werm.Core", "src\Werm.Core\Werm.Core.csproj", "{197E6577-23F4-42B4-A95E-B31FF375E9D8}"
EndProject
Project("{FAE04EC0-301F-11D3-BF4B-00C04F79EFBC}") = "Werm.App", "src\Werm.App\Werm.App.csproj", "{FB5CA08E-085A-471C-86C8-081B39BAEE88}"
EndProject
Project("{FAE04EC0-301F-11D3-BF4B-00C04F79EFBC}") = "Werm.Tests", "tests\Werm.Tests\Werm.Tests.csproj", "{9DB6386D-246C-43B6-9289-5DA173906F52}"
EndProject
Project("{FAE04EC0-301F-11D3-BF4B-00C04F79EFBC}") = "Werm.Data", "src\Werm.Data\Werm.Data.csproj", "{B06BCCF7-9E0D-4DE4-B61F-73584E163DE4}"
EndProject
Project("{FAE04EC0-301F-11D3-BF4B-00C04F79EFBC}") = "Werm.Printing", "src\Werm.Printing\Werm.Printing.csproj", "{6DF2095C-DDFD-4878-B916-55967ED04BF6}"
EndProject
Global
	GlobalSection(SolutionConfigurationPlatforms) = preSolution
		Debug|x64 = Debug|x64
		Debug|x86 = Debug|x86
		Release|x64 = Release|x64
		Release|x86 = Release|x86
	EndGlobalSection
	GlobalSection(ProjectConfigurationPlatforms) = postSolution
		{197E6577-23F4-42B4-A95E-B31FF375E9D8}.Debug|x64.ActiveCfg = Debug|x64
		{197E6577-23F4-42B4-A95E-B31FF375E9D8}.Debug|x64.Build.0 = Debug|x64
		{197E6577-23F4-42B4-A95E-B31FF375E9D8}.Debug|x86.ActiveCfg = Debug|x86
		{197E6577-23F4-42B4-A95E-B31FF375E9D8}.Debug|x86.Build.0 = Debug|x86
		{197E6577-23F4-42B4-A95E-B31FF375E9D8}.Release|x64.ActiveCfg = Release|x64
		{197E6577-23F4-42B4-A95E-B31FF375E9D8}.Release|x64.Build.0 = Release|x64
		{197E6577-23F4-42B4-A95E-B31FF375E9D8}.Release|x86.ActiveCfg = Release|x86
		{197E6577-23F4-42B4-A95E-B31FF375E9D8}.Release|x86.Build.0 = Release|x86
		{FB5CA08E-085A-471C-86C8-081B39BAEE88}.Debug|x64.ActiveCfg = Debug|x64
		{FB5CA08E-085A-471C-86C8-081B39BAEE88}.Debug|x64.Build.0 = Debug|x64
		{FB5CA08E-085A-471C-86C8-081B39BAEE88}.Debug|x86.ActiveCfg = Debug|x86
		{FB5CA08E-085A-471C-86C8-081B39BAEE88}.Debug|x86.Build.0 = Debug|x86
		{FB5CA08E-085A-471C-86C8-081B39BAEE88}.Release|x64.ActiveCfg = Release|x64
		{FB5CA08E-085A-471C-86C8-081B39BAEE88}.Release|x64.Build.0 = Release|x64
		{FB5CA08E-085A-471C-86C8-081B39BAEE88}.Release|x86.ActiveCfg = Release|x86
		{FB5CA08E-085A-471C-86C8-081B39BAEE88}.Release|x86.Build.0 = Release|x86
		{9DB6386D-246C-43B6-9289-5DA173906F52}.Debug|x64.ActiveCfg = Debug|x64
		{9DB6386D-246C-43B6-9289-5DA173906F52}.Debug|x64.Build.0 = Debug|x64
		{9DB6386D-246C-43B6-9289-5DA173906F52}.Debug|x86.ActiveCfg = Debug|x86
		{9DB6386D-246C-43B6-9289-5DA173906F52}.Debug|x86.Build.0 = Debug|x86
		{9DB6386D-246C-43B6-9289-5DA173906F52}.Release|x64.ActiveCfg = Release|x64
		{9DB6386D-246C-43B6-9289-5DA173906F52}.Release|x64.Build.0 = Release|x64
		{9DB6386D-246C-43B6-9289-5DA173906F52}.Release|x86.ActiveCfg = Release|x86
		{9DB6386D-246C-43B6-9289-5DA173906F52}.Release|x86.Build.0 = Release|x86
		{B06BCCF7-9E0D-4DE4-B61F-73584E163DE4}.Debug|x64.ActiveCfg = Debug|x64
		{B06BCCF7-9E0D-4DE4-B61F-73584E163DE4}.Debug|x64.Build.0 = Debug|x64
		{B06BCCF7-9E0D-4DE4-B61F-73584E163DE4}.Debug|x86.ActiveCfg = Debug|x86
		{B06BCCF7-9E0D-4DE4-B61F-73584E163DE4}.Debug|x86.Build.0 = Debug|x86
		{B06BCCF7-9E0D-4DE4-B61F-73584E163DE4}.Release|x64.ActiveCfg = Release|x64
		{B06BCCF7-9E0D-4DE4-B61F-73584E163DE4}.Release|x64.Build.0 = Release|x64
		{B06BCCF7-9E0D-4DE4-B61F-73584E163DE4}.Release|x86.ActiveCfg = Release|x86
		{B06BCCF7-9E0D-4DE4-B61F-73584E163DE4}.Release|x86.Build.0 = Release|x86
		{6DF2095C-DDFD-4878-B916-55967ED04BF6}.Debug|x64.ActiveCfg = Debug|x64
		{6DF2095C-DDFD-4878-B916-55967ED04BF6}.Debug|x64.Build.0 = Debug|x64
		{6DF2095C-DDFD-4878-B916-55967ED04BF6}.Debug|x86.ActiveCfg = Debug|x86
		{6DF2095C-DDFD-4878-B916-55967ED04BF6}.Debug|x86.Build.0 = Debug|x86
		{6DF2095C-DDFD-4878-B916-55967ED04BF6}.Release|x64.ActiveCfg = Release|x64
		{6DF2095C-DDFD-4878-B916-55967ED04BF6}.Release|x64.Build.0 = Release|x64
		{6DF2095C-DDFD-4878-B916-55967ED04BF6}.Release|x86.ActiveCfg = Release|x86
		{6DF2095C-DDFD-4878-B916-55967ED04BF6}.Release|x86.Build.0 = Release|x86
	EndGlobalSection
	GlobalSection(SolutionProperties) = preSolution
		HideSolutionNode = FALSE
	EndGlobalSection
EndGlobal
